github.com/youta-t/its v0.6.3 h1:vBq/qHYrX/JEPg2BrMdZPFaNMUdbPl9XNlCiD60pPrg=
github.com/youta-t/its v0.6.3/go.mod h1:/NfUEWPpoC6tNyqDKiPkb9pGwtmhhzCJYxJCSkj771E=
golang.org/x/image v0.47.0 h1:za/8gVz++PPZqmZJBNSISICN5Rrj5zixP/8K++fgmqo=
golang.org/x/image v0.47.0/go.mod h1:IkN5o4A7vq55vXN8FWjjnhg9Rs2GOtffqsSi9mWAKYE=
golang.org/x/mod v0.42.0 h1:ICeL3t2L30ljSPHHxDnR4fqVcBt/zR2zJAb9juavmQg=
golang.org/x/mod v0.42.0/go.mod h1:u5fzIrRInkL8MaO1cbRkUHT64v303YIT5KEqpNr7jRs=
golang.org/x/sync v0.24.0 h1:iqiDrGoDgyuvAKrhLQthUEzU/R378N78gXbBjxed7oA=
golang.org/x/sync v0.24.0/go.mod h1:sUUOizhqBxiL6pEWpqNLUiaJn1ShEbZ6BBqskPbjZm0=
